github.com/google/shlex v0.0.0-20191202100458-e7afc7fbc510 h1:El6M4kTTCOh6aBiKaUGG7oYTSPP8MxqL4YI3kZKwcP4=
github.com/google/shlex v0.0.0-20191202100458-e7afc7fbc510/go.mod h1:pupxD2MaaD3pAXIBCelhxNneeOaAeabZDe5s4K6zSpQ=
tinygo.org/x/drivers v0.27.0 h1:TEGk1lQvEhXxfvpEhUu+pwmCnhtldPI+hpHlO9VYixI=
tinygo.org/x/drivers v0.27.0/go.mod h1:q/mU8G/wz821p8xXqbkBACOlmZFDHXd//DnYnCW+dDQ=
tinygo.org/x/tinydraw v0.4.0 h1:U9V0mHz8/jPShKjlh199vCfq1ARFyUOD1b+FfqIwV8c=
tinygo.org/x/tinydraw v0.4.0/go.mod h1:WCV/EMljTv8w04iAxjv+fRD6/4ffx0afATYeJlN90Yo=
tinygo.org/x/tinyfont v0.4.0 h1:XexPKEKiHInf6p4CMCJwsIheVPY0T46HUs6ictYyZfE=
tinygo.org/x/tinyfont v0.4.0/go.mod h1:7nVj3j3geqBoPDzpFukAhF1C8AP9YocMsZy0HSAcGCA=
tinygo.org/x/tinyfs v0.4.0 h1:35/XmBXSZKz5eqAqkhe83i56qYLhyZ09JarforFoTNQ=
tinygo.org/x/tinyfs v0.4.0/go.mod h1:QM+MK9aXJKKgXZmHJHquzULUVB7h60nIJQmOyKDyA1E=
tinygo.org/x/tinyterm v0.3.0 h1:4MMZoMyrbWbjru1KP/Z2TGhaguy/Uh5Mdhf/niemM8c=
tinygo.org/x/tinyterm v0.3.0/go.mod h1:F1pQjxEwNZQIc5czeJSBtk57ucEvbR4u7vHaLhWhHtg=
